
Microsoft Visual Studio Solution File, Format Version 12.00
# Visual Studio Version 16
VisualStudioVersion = 16.0.31624.102
MinimumVisualStudioVersion = 10.0.40219.1
Project("{FAE04EC0-301F-11D3-BF4B-00C04F79EFBC}") = "CreateTest2", "CreateTest2\CreateTest2.csproj", "{412914DD-BAE9-4DF1-998B-EC7C7DAD1EBE}"
EndProject
Global
	GlobalSection(SolutionConfigurationPlatforms) = preSolution
		Debug|Any CPU = Debug|Any CPU
		Release|Any CPU = Release|Any CPU
	EndGlobalSection
	GlobalSection(ProjectConfigurationPlatforms) = postSolution
		{412914DD-BAE9-4DF1-998B-EC7C7DAD1EBE}.Debug|Any CPU.ActiveCfg = Debug|Any CPU
		{412914DD-BAE9-4DF1-998B-EC7C7DAD1EBE}.Debug|Any CPU.Build.0 = Debug|Any CPU
		{412914DD-BAE9-4DF1-998B-EC7C7DAD1EBE}.Release|Any CPU.ActiveCfg = Release|Any CPU
		{412914DD-BAE9-4DF1-998B-EC7C7DAD1EBE}.Release|Any CPU.Build.0 = Release|Any CPU
	EndGlobalSection
	GlobalSection(SolutionProperties) = preSolution
		HideSolutionNode = FALSE
	EndGlobalSection
	GlobalSection(ExtensibilityGlobals) = postSolution
		SolutionGuid = {557EF29F-99D7-4D49-ADA0-5A233ABBF19A}
	EndGlobalSection
EndGlobal
